{
  "name": "rekit-plugin-apollo",
  "version": "1.0.0",
  "lockfileVersion": 1,
  "requires": true,
  "dependencies": {
    "@types/async": {
      "version": "2.0.47",
      "resolved": "https://registry.npmjs.org/@types/async/-/async-2.0.47.tgz",
      "integrity": "sha512-/mQMARXVSuGbwOFFBKA4s0qRKtOaaTgnllp3qU4sMzDVGGAroPblyd529yBALnK/WEY8nHyRGx0/RFUDmhpVmQ==",
      "optional": true
    },
    "@types/node": {
      "version": "9.6.1",
      "resolved": "https://registry.npmjs.org/@types/node/-/node-9.6.1.tgz",
      "integrity": "sha512-xwlHq5DXQFRpe+u6hmmNkzYk/3oxxqDp71a/AJMupOQYmxyaBetqrVMqdNlSQfbg7XTJYD8vARjf3Op06OzdtQ=="
    },
    "@types/zen-observable": {
      "version": "0.5.3",
      "resolved": "https://registry.npmjs.org/@types/zen-observable/-/zen-observable-0.5.3.tgz",
      "integrity": "sha512-aDvGDAHcVfUqNmd8q4//cHAP+HGxsbChbBbuk3+kMVk5TTxfWLpQWvVN3+UPjohLnwMYN7jr6BWNn2cYNqdm7g=="
    },
    "apollo-boost": {
      "version": "0.1.4",
      "resolved": "https://registry.npmjs.org/apollo-boost/-/apollo-boost-0.1.4.tgz",
      "integrity": "sha512-CQ/ZXoR/dXPL1KqRzDHRK7uXix3PjtBb2V4c89xQkdBkY3SGoM9uq9+qISDAwLabB8/xRG2a/9RXCoriu7L0VQ==",
      "requires": {
        "apollo-cache-inmemory": "1.1.12",
        "apollo-client": "2.2.8",
        "apollo-link": "1.2.1",
        "apollo-link-error": "1.0.7",
        "apollo-link-http": "1.5.3",
        "apollo-link-state": "0.4.1",
        "graphql-tag": "2.8.0"
      }
    },
    "apollo-cache": {
      "version": "1.1.7",
      "resolved": "https://registry.npmjs.org/apollo-cache/-/apollo-cache-1.1.7.tgz",
      "integrity": "sha512-EZncr0DlIhGkNVvkXB2kJL5FNk3Ntpwo1Dbk3l5Vtuek6MTBm/pTwDnK+nVDnZIsmxbQ7A2oPe+Pp8SbcjhAbQ==",
      "requires": {
        "apollo-utilities": "1.0.11"
      }
    },
    "apollo-cache-inmemory": {
      "version": "1.1.12",
      "resolved": "https://registry.npmjs.org/apollo-cache-inmemory/-/apollo-cache-inmemory-1.1.12.tgz",
      "integrity": "sha512-dcdialPw2n+bj5S5CLmTdEWrl6g1n3rn4mACZJoUxMLyf2lBzuk99I4hfA2BCO4USkbwe69qC99P1I/T4w8WHg==",
      "requires": {
        "apollo-cache": "1.1.7",
        "apollo-utilities": "1.0.11",
        "graphql-anywhere": "4.1.8"
      }
    },
    "apollo-client": {
      "version": "2.2.8",
      "resolved": "https://registry.npmjs.org/apollo-client/-/apollo-client-2.2.8.tgz",
      "integrity": "sha512-Xc2IQYdYjX4CNv25L7tQwd+BBHySEN/ZkVa0TE2XYq5F74UIPGcrV3zHajB6NVZMlMdItsOX/TcOWeUwLIUqlQ==",
      "requires": {
        "@types/async": "2.0.47",
        "@types/zen-observable": "0.5.3",
        "apollo-cache": "1.1.7",
        "apollo-link": "1.2.1",
        "apollo-link-dedup": "1.0.8",
        "apollo-utilities": "1.0.11",
        "symbol-observable": "1.2.0",
        "zen-observable": "0.7.1"
      }
    },
    "apollo-link": {
      "version": "1.2.1",
      "resolved": "https://registry.npmjs.org/apollo-link/-/apollo-link-1.2.1.tgz",
      "integrity": "sha512-6Ghf+j3cQLCIvjXd2dJrLw+16HZbWbwmB1qlTc41BviB2hv+rK1nJr17Y9dWK0UD4p3i9Hfddx3tthpMKrueHg==",
      "requires": {
        "@types/node": "9.6.1",
        "apollo-utilities": "1.0.11",
        "zen-observable-ts": "0.8.8"
      }
    },
    "apollo-link-dedup": {
      "version": "1.0.8",
      "resolved": "https://registry.npmjs.org/apollo-link-dedup/-/apollo-link-dedup-1.0.8.tgz",
      "integrity": "sha512-M4p8yzX7sSID+R/qxz3ti+IGeRi6yuyEEG8Apd6wQwsefG83LTzhMJYO7Z08Yg4tOFUfqbp32RW9ZjwmyrcBVg==",
      "requires": {
        "apollo-link": "1.2.1"
      }
    },
    "apollo-link-error": {
      "version": "1.0.7",
      "resolved": "https://registry.npmjs.org/apollo-link-error/-/apollo-link-error-1.0.7.tgz",
      "integrity": "sha512-y+5NzYSj1HXbxAGP05rw0EsnCy6LtJvoYW5DtVxI8QLFwpqJv8Z5VNsGdpstjLdXK1oqp7D20DDz4932WXhdmQ==",
      "requires": {
        "apollo-link": "1.2.1"
      }
    },
    "apollo-link-http": {
      "version": "1.5.3",
      "resolved": "https://registry.npmjs.org/apollo-link-http/-/apollo-link-http-1.5.3.tgz",
      "integrity": "sha512-t49wBXzdXpVdiqr82Lj0x6hORVVtIQQ5hLfVKjmQXiA/uv0o0Np8mAcOBZRYJvpVRHkaLvv5w/4MRbc8h5UGuQ==",
      "requires": {
        "apollo-link": "1.2.1",
        "apollo-link-http-common": "0.2.3"
      }
    },
    "apollo-link-http-common": {
      "version": "0.2.3",
      "resolved": "https://registry.npmjs.org/apollo-link-http-common/-/apollo-link-http-common-0.2.3.tgz",
      "integrity": "sha512-gZ5xp2ZlX9Ie0HR/bVDxD4073UAMdZC/QhPQifh/AV6YCOTuj3ZkaAf89KnuQCifWVXO3yXD/53SWm7VrsjCdQ==",
      "requires": {
        "apollo-link": "1.2.1"
      }
    },
    "apollo-link-state": {
      "version": "0.4.1",
      "resolved": "https://registry.npmjs.org/apollo-link-state/-/apollo-link-state-0.4.1.tgz",
      "integrity": "sha512-69/til4ENfl/Fvf7br2xSsLSBcxcXPbOHVNkzLLejvUZickl93HLO4/fO+uvoBi4dCYRgN17Zr8FwI41ueRx0g==",
      "requires": {
        "apollo-utilities": "1.0.11",
        "graphql-anywhere": "4.1.8"
      }
    },
    "apollo-utilities": {
      "version": "1.0.11",
      "resolved": "https://registry.npmjs.org/apollo-utilities/-/apollo-utilities-1.0.11.tgz",
      "integrity": "sha512-SAjRTqcYVHwpct+bcwX3x3zGEQOkNzj3Ri7Iy+vFIozxS8xtdkQqPiML7S6EI9Q2IuimQ7gvuYFHY0HQK0O1AA=="
    },
    "asap": {
      "version": "2.0.6",
      "resolved": "https://registry.npmjs.org/asap/-/asap-2.0.6.tgz",
      "integrity": "sha1-5QNHYR1+aQlDIIu9r+vLwvuGbUY="
    },
    "core-js": {
      "version": "1.2.7",
      "resolved": "https://registry.npmjs.org/core-js/-/core-js-1.2.7.tgz",
      "integrity": "sha1-ZSKUwUZR2yj6k70tX/KYOk8IxjY="
    },
    "encoding": {
      "version": "0.1.12",
      "resolved": "https://registry.npmjs.org/encoding/-/encoding-0.1.12.tgz",
      "integrity": "sha1-U4tm8+5izRq1HsMjgp0flIDHS+s=",
      "requires": {
        "iconv-lite": "0.4.19"
      }
    },
    "fbjs": {
      "version": "0.8.16",
      "resolved": "https://registry.npmjs.org/fbjs/-/fbjs-0.8.16.tgz",
      "integrity": "sha1-XmdDL1UNxBtXK/VYR7ispk5TN9s=",
      "requires": {
        "core-js": "1.2.7",
        "isomorphic-fetch": "2.2.1",
        "loose-envify": "1.3.1",
        "object-assign": "4.1.1",
        "promise": "7.3.1",
        "setimmediate": "1.0.5",
        "ua-parser-js": "0.7.17"
      }
    },
    "graphql": {
      "version": "0.13.2",
      "resolved": "https://registry.npmjs.org/graphql/-/graphql-0.13.2.tgz",
      "integrity": "sha512-QZ5BL8ZO/B20VA8APauGBg3GyEgZ19eduvpLWoq5x7gMmWnHoy8rlQWPLmWgFvo1yNgjSEFMesmS4R6pPr7xog==",
      "requires": {
        "iterall": "1.2.2"
      }
    },
    "graphql-anywhere": {
      "version": "4.1.8",
      "resolved": "https://registry.npmjs.org/graphql-anywhere/-/graphql-anywhere-4.1.8.tgz",
      "integrity": "sha512-beHsTvul0izwSTA4Av0V5QNx5WKa4rsdiYZ8xBs08x7ya4+hpuXSMye4uztqIUqCBhI0BpvfTuGvXyPeYCNwgQ==",
      "requires": {
        "apollo-utilities": "1.0.11"
      }
    },
    "graphql-tag": {
      "version": "2.8.0",
      "resolved": "https://registry.npmjs.org/graphql-tag/-/graphql-tag-2.8.0.tgz",
      "integrity": "sha1-Us3qB6hCFU7BGi6EDBG5d/m4Nc4="
    },
    "hoist-non-react-statics": {
      "version": "2.5.0",
      "resolved": "https://registry.npmjs.org/hoist-non-react-statics/-/hoist-non-react-statics-2.5.0.tgz",
      "integrity": "sha512-6Bl6XsDT1ntE0lHbIhr4Kp2PGcleGZ66qu5Jqk8lc0Xc/IeG6gVLmwUGs/K0Us+L8VWoKgj0uWdPMataOsm31w=="
    },
    "iconv-lite": {
      "version": "0.4.19",
      "resolved": "https://registry.npmjs.org/iconv-lite/-/iconv-lite-0.4.19.tgz",
      "integrity": "sha512-oTZqweIP51xaGPI4uPa56/Pri/480R+mo7SeU+YETByQNhDG55ycFyNLIgta9vXhILrxXDmF7ZGhqZIcuN0gJQ=="
    },
    "invariant": {
      "version": "2.2.4",
      "resolved": "https://registry.npmjs.org/invariant/-/invariant-2.2.4.tgz",
      "integrity": "sha512-phJfQVBuaJM5raOpJjSfkiD6BpbCE4Ns//LaXl6wGYtUBY83nWS6Rf9tXm2e8VaK60JEjYldbPif/A2B1C2gNA==",
      "requires": {
        "loose-envify": "1.3.1"
      }
    },
    "is-stream": {
      "version": "1.1.0",
      "resolved": "https://registry.npmjs.org/is-stream/-/is-stream-1.1.0.tgz",
      "integrity": "sha1-EtSj3U5o4Lec6428hBc66A2RykQ="
    },
    "isomorphic-fetch": {
      "version": "2.2.1",
      "resolved": "https://registry.npmjs.org/isomorphic-fetch/-/isomorphic-fetch-2.2.1.tgz",
      "integrity": "sha1-YRrhrPFPXoH3KVB0coGf6XM1WKk=",
      "requires": {
        "node-fetch": "1.7.3",
        "whatwg-fetch": "2.0.4"
      }
    },
    "iterall": {
      "version": "1.2.2",
      "resolved": "https://registry.npmjs.org/iterall/-/iterall-1.2.2.tgz",
      "integrity": "sha512-yynBb1g+RFUPY64fTrFv7nsjRrENBQJaX2UL+2Szc9REFrSNm1rpSXHGzhmAy7a9uv3vlvgBlXnf9RqmPH1/DA=="
    },
    "js-tokens": {
      "version": "3.0.2",
      "resolved": "https://registry.npmjs.org/js-tokens/-/js-tokens-3.0.2.tgz",
      "integrity": "sha1-mGbfOVECEw449/mWvOtlRDIJwls="
    },
    "lodash": {
      "version": "4.17.5",
      "resolved": "https://registry.npmjs.org/lodash/-/lodash-4.17.5.tgz",
      "integrity": "sha512-svL3uiZf1RwhH+cWrfZn3A4+U58wbP0tGVTLQPbjplZxZ8ROD9VLuNgsRniTlLe7OlSqR79RUehXgpBW/s0IQw=="
    },
    "loose-envify": {
      "version": "1.3.1",
      "resolved": "https://registry.npmjs.org/loose-envify/-/loose-envify-1.3.1.tgz",
      "integrity": "sha1-0aitM/qc4OcT1l/dCsi3SNR4yEg=",
      "requires": {
        "js-tokens": "3.0.2"
      }
    },
    "node-fetch": {
      "version": "1.7.3",
      "resolved": "https://registry.npmjs.org/node-fetch/-/node-fetch-1.7.3.tgz",
      "integrity": "sha512-NhZ4CsKx7cYm2vSrBAr2PvFOe6sWDf0UYLRqA6svUYg7+/TSfVAu49jYC4BvQ4Sms9SZgdqGBgroqfDhJdTyKQ==",
      "requires": {
        "encoding": "0.1.12",
        "is-stream": "1.1.0"
      }
    },
    "object-assign": {
      "version": "4.1.1",
      "resolved": "https://registry.npmjs.org/object-assign/-/object-assign-4.1.1.tgz",
      "integrity": "sha1-IQmtx5ZYh8/AXLvUQsrIv7s2CGM="
    },
    "promise": {
      "version": "7.3.1",
      "resolved": "https://registry.npmjs.org/promise/-/promise-7.3.1.tgz",
      "integrity": "sha512-nolQXZ/4L+bP/UGlkfaIujX9BKxGwmQ9OT4mOt5yvy8iK1h3wqTEJCijzGANTCCl9nWjY41juyAn2K3Q1hLLTg==",
      "requires": {
        "asap": "2.0.6"
      }
    },
    "prop-types": {
      "version": "15.6.1",
      "resolved": "https://registry.npmjs.org/prop-types/-/prop-types-15.6.1.tgz",
      "integrity": "sha512-4ec7bY1Y66LymSUOH/zARVYObB23AT2h8cf6e/O6ZALB/N0sqZFEx7rq6EYPX2MkOdKORuooI/H5k9TlR4q7kQ==",
      "requires": {
        "fbjs": "0.8.16",
        "loose-envify": "1.3.1",
        "object-assign": "4.1.1"
      }
    },
    "react-apollo": {
      "version": "2.1.2",
      "resolved": "https://registry.npmjs.org/react-apollo/-/react-apollo-2.1.2.tgz",
      "integrity": "sha512-d4OdB3sjvTUfYzXuRiiXnSckyBaZzdvFEZ9DrdoErqNGv3x+2+RhnEEJemlXDRve78Mf3cqkSeIhjSxMszrmPQ==",
      "requires": {
        "fbjs": "0.8.16",
        "hoist-non-react-statics": "2.5.0",
        "invariant": "2.2.4",
        "lodash": "4.17.5",
        "prop-types": "15.6.1"
      }
    },
    "setimmediate": {
      "version": "1.0.5",
      "resolved": "https://registry.npmjs.org/setimmediate/-/setimmediate-1.0.5.tgz",
      "integrity": "sha1-KQy7Iy4waULX1+qbg3Mqt4VvgoU="
    },
    "symbol-observable": {
      "version": "1.2.0",
      "resolved": "https://registry.npmjs.org/symbol-observable/-/symbol-observable-1.2.0.tgz",
      "integrity": "sha512-e900nM8RRtGhlV36KGEU9k65K3mPb1WV70OdjfxlG2EAuM1noi/E/BaW/uMhL7bPEssK8QV57vN3esixjUvcXQ=="
    },
    "ua-parser-js": {
      "version": "0.7.17",
      "resolved": "https://registry.npmjs.org/ua-parser-js/-/ua-parser-js-0.7.17.tgz",
      "integrity": "sha512-uRdSdu1oA1rncCQL7sCj8vSyZkgtL7faaw9Tc9rZ3mGgraQ7+Pdx7w5mnOSF3gw9ZNG6oc+KXfkon3bKuROm0g=="
    },
    "whatwg-fetch": {
      "version": "2.0.4",
      "resolved": "https://registry.npmjs.org/whatwg-fetch/-/whatwg-fetch-2.0.4.tgz",
      "integrity": "sha512-dcQ1GWpOD/eEQ97k66aiEVpNnapVj90/+R+SXTPYGHpYBBypfKJEQjLrvMZ7YXbKm21gXd4NcuxUTjiv1YtLng=="
    },
    "zen-observable": {
      "version": "0.7.1",
      "resolved": "https://registry.npmjs.org/zen-observable/-/zen-observable-0.7.1.tgz",
      "integrity": "sha512-OI6VMSe0yeqaouIXtedC+F55Sr6r9ppS7+wTbSexkYdHbdt4ctTuPNXP/rwm7GTVI63YBc+EBT0b0tl7YnJLRg=="
    },
    "zen-observable-ts": {
      "version": "0.8.8",
      "resolved": "https://registry.npmjs.org/zen-observable-ts/-/zen-observable-ts-0.8.8.tgz",
      "integrity": "sha512-oGjFvBbAA94uh/HvAwJDwMHtNq4lZRtupJx8XsyreOTYvH8x1ef9hIeH/M+IqiAXtNpglq/Klh5rbpYWEeRSOQ==",
      "requires": {
        "zen-observable": "0.7.1"
      }
    }
  }
}
